
Microsoft Visual Studio Solution File, Format Version 12.00
# Visual Studio Version 17
VisualStudioVersion = 17.9.34902.65
MinimumVisualStudioVersion = 10.0.40219.1
Project("{FAE04EC0-301F-11D3-BF4B-00C04F79EFBC}") = "android", "android\android.csproj", "{2AB5708F-41B8-4118-B6C5-41B3762459FF}"
EndProject
Global
	GlobalSection(SolutionConfigurationPlatforms) = preSolution
		Debug|Any CPU = Debug|Any CPU
		Release|Any CPU = Release|Any CPU
	EndGlobalSection
	GlobalSection(ProjectConfigurationPlatforms) = postSolution
		{2AB5708F-41B8-4118-B6C5-41B3762459FF}.Debug|Any CPU.ActiveCfg = Debug|Any CPU
		{2AB5708F-41B8-4118-B6C5-41B3762459FF}.Debug|Any CPU.Build.0 = Debug|Any CPU
		{2AB5708F-41B8-4118-B6C5-41B3762459FF}.Debug|Any CPU.Deploy.0 = Debug|Any CPU
		{2AB5708F-41B8-4118-B6C5-41B3762459FF}.Release|Any CPU.ActiveCfg = Release|Any CPU
		{2AB5708F-41B8-4118-B6C5-41B3762459FF}.Release|Any CPU.Build.0 = Release|Any CPU
		{2AB5708F-41B8-4118-B6C5-41B3762459FF}.Release|Any CPU.Deploy.0 = Release|Any CPU
	EndGlobalSection
	GlobalSection(SolutionProperties) = preSolution
		HideSolutionNode = FALSE
	EndGlobalSection
	GlobalSection(ExtensibilityGlobals) = postSolution
		SolutionGuid = {EB550AA4-3256-462D-AB62-E61EBDB4AD71}
	EndGlobalSection
EndGlobal
